
Microsoft Visual Studio Solution File, Format Version 12.00
# Visual Studio Version 17
VisualStudioVersion = 17.7.33927.210
MinimumVisualStudioVersion = 10.0.40219.1
Project("{FAE04EC0-301F-11D3-BF4B-00C04F79EFBC}") = "CompareXmlWithLinq", "CompareXmlWithLinq\CompareXmlWithLinq.csproj", "{37DB5F20-B751-49FC-9393-8717D6FCE71D}"
EndProject
Global
	GlobalSection(SolutionConfigurationPlatforms) = preSolution
		Debug|Any CPU = Debug|Any CPU
		Release|Any CPU = Release|Any CPU
	EndGlobalSection
	GlobalSection(ProjectConfigurationPlatforms) = postSolution
		{37DB5F20-B751-49FC-9393-8717D6FCE71D}.Debug|Any CPU.ActiveCfg = Debug|Any CPU
		{37DB5F20-B751-49FC-9393-8717D6FCE71D}.Debug|Any CPU.Build.0 = Debug|Any CPU
		{37DB5F20-B751-49FC-9393-8717D6FCE71D}.Release|Any CPU.ActiveCfg = Release|Any CPU
		{37DB5F20-B751-49FC-9393-8717D6FCE71D}.Release|Any CPU.Build.0 = Release|Any CPU
	EndGlobalSection
	GlobalSection(SolutionProperties) = preSolution
		HideSolutionNode = FALSE
	EndGlobalSection
	GlobalSection(ExtensibilityGlobals) = postSolution
		SolutionGuid = {F5D56336-9F3D-4B52-B377-BED5A7FB4612}
	EndGlobalSection
EndGlobal
